
Microsoft Visual Studio Solution File, Format Version 12.00
# Visual Studio Version 17
VisualStudioVersion = 17.1.32421.90
MinimumVisualStudioVersion = 10.0.40219.1
Project("{FAE04EC0-301F-11D3-BF4B-00C04F79EFBC}") = "DesafioBancodeDadosCrud", "DesafioBancodeDadosCrud\DesafioBancodeDadosCrud.csproj", "{B4BCD555-D72F-4B10-8313-50454E88B38B}"
EndProject
Global
	GlobalSection(SolutionConfigurationPlatforms) = preSolution
		Debug|Any CPU = Debug|Any CPU
		Release|Any CPU = Release|Any CPU
	EndGlobalSection
	GlobalSection(ProjectConfigurationPlatforms) = postSolution
		{B4BCD555-D72F-4B10-8313-50454E88B38B}.Debug|Any CPU.ActiveCfg = Debug|Any CPU
		{B4BCD555-D72F-4B10-8313-50454E88B38B}.Debug|Any CPU.Build.0 = Debug|Any CPU
		{B4BCD555-D72F-4B10-8313-50454E88B38B}.Release|Any CPU.ActiveCfg = Release|Any CPU
		{B4BCD555-D72F-4B10-8313-50454E88B38B}.Release|Any CPU.Build.0 = Release|Any CPU
	EndGlobalSection
	GlobalSection(SolutionProperties) = preSolution
		HideSolutionNode = FALSE
	EndGlobalSection
	GlobalSection(ExtensibilityGlobals) = postSolution
		SolutionGuid = {1CC9A141-BE31-4C9F-8F47-C848BBBE7776}
	EndGlobalSection
EndGlobal
